
Microsoft Visual Studio Solution File, Format Version 12.00
# Visual Studio Version 17
VisualStudioVersion = 17.12.35506.116 d17.12
MinimumVisualStudioVersion = 10.0.40219.1
Project("{FAE04EC0-301F-11D3-BF4B-00C04F79EFBC}") = "16Zadach", "16Zadach\16Zadach.csproj", "{1EDCF289-C8C8-4D5F-A8F7-67ACB54823EB}"
EndProject
Global
	GlobalSection(SolutionConfigurationPlatforms) = preSolution
		Debug|Any CPU = Debug|Any CPU
		Release|Any CPU = Release|Any CPU
	EndGlobalSection
	GlobalSection(ProjectConfigurationPlatforms) = postSolution
		{1EDCF289-C8C8-4D5F-A8F7-67ACB54823EB}.Debug|Any CPU.ActiveCfg = Debug|Any CPU
		{1EDCF289-C8C8-4D5F-A8F7-67ACB54823EB}.Debug|Any CPU.Build.0 = Debug|Any CPU
		{1EDCF289-C8C8-4D5F-A8F7-67ACB54823EB}.Release|Any CPU.ActiveCfg = Release|Any CPU
		{1EDCF289-C8C8-4D5F-A8F7-67ACB54823EB}.Release|Any CPU.Build.0 = Release|Any CPU
	EndGlobalSection
	GlobalSection(SolutionProperties) = preSolution
		HideSolutionNode = FALSE
	EndGlobalSection
EndGlobal
